
Microsoft Visual Studio Solution File, Format Version 12.00
# Visual Studio 15
VisualStudioVersion = 15.0.26730.16
MinimumVisualStudioVersion = 10.0.40219.1
Project("{FAE04EC0-301F-11D3-BF4B-00C04F79EFBC}") = "EventGoApi", "EventGoApi\EventGoApi.csproj", "{4C854060-8417-460C-875F-ABB1F5E92510}"
EndProject
Project("{FAE04EC0-301F-11D3-BF4B-00C04F79EFBC}") = "EventGoData", "EventGoData\EventGoData.csproj", "{2253C6B6-94A7-480B-88D8-D24B3CD6E22E}"
EndProject
Global
	GlobalSection(SolutionConfigurationPlatforms) = preSolution
		Debug|Any CPU = Debug|Any CPU
		Release|Any CPU = Release|Any CPU
	EndGlobalSection
	GlobalSection(ProjectConfigurationPlatforms) = postSolution
		{4C854060-8417-460C-875F-ABB1F5E92510}.Debug|Any CPU.ActiveCfg = Debug|Any CPU
		{4C854060-8417-460C-875F-ABB1F5E92510}.Debug|Any CPU.Build.0 = Debug|Any CPU
		{4C854060-8417-460C-875F-ABB1F5E92510}.Release|Any CPU.ActiveCfg = Release|Any CPU
		{4C854060-8417-460C-875F-ABB1F5E92510}.Release|Any CPU.Build.0 = Release|Any CPU
		{2253C6B6-94A7-480B-88D8-D24B3CD6E22E}.Debug|Any CPU.ActiveCfg = Debug|Any CPU
		{2253C6B6-94A7-480B-88D8-D24B3CD6E22E}.Debug|Any CPU.Build.0 = Debug|Any CPU
		{2253C6B6-94A7-480B-88D8-D24B3CD6E22E}.Release|Any CPU.ActiveCfg = Release|Any CPU
		{2253C6B6-94A7-480B-88D8-D24B3CD6E22E}.Release|Any CPU.Build.0 = Release|Any CPU
	EndGlobalSection
	GlobalSection(SolutionProperties) = preSolution
		HideSolutionNode = FALSE
	EndGlobalSection
	GlobalSection(ExtensibilityGlobals) = postSolution
		SolutionGuid = {1E3518DD-AA86-4FEC-A416-98EA185A83AE}
	EndGlobalSection
EndGlobal
